Microsoft Visual Studio Solution File, Format Version 12.00
# Visual Studio Version 17
VisualStudioVersion = 17.5.2.0
MinimumVisualStudioVersion = 10.0.40219.1
Project("{FAE04EC0-301F-11D3-BF4B-00C04F79EFBC}") = "restaurant_system", "restaurant_system.csproj", "{B9C9DED1-B81D-C553-1FE3-478530F78E77}"
EndProject
Global
	GlobalSection(SolutionConfigurationPlatforms) = preSolution
		Debug|Any CPU = Debug|Any CPU
		Release|Any CPU = Release|Any CPU
	EndGlobalSection
	GlobalSection(ProjectConfigurationPlatforms) = postSolution
		{B9C9DED1-B81D-C553-1FE3-478530F78E77}.Debug|Any CPU.ActiveCfg = Debug|Any CPU
		{B9C9DED1-B81D-C553-1FE3-478530F78E77}.Debug|Any CPU.Build.0 = Debug|Any CPU
		{B9C9DED1-B81D-C553-1FE3-478530F78E77}.Release|Any CPU.ActiveCfg = Release|Any CPU
		{B9C9DED1-B81D-C553-1FE3-478530F78E77}.Release|Any CPU.Build.0 = Release|Any CPU
	EndGlobalSection
	GlobalSection(SolutionProperties) = preSolution
		HideSolutionNode = FALSE
	EndGlobalSection
	GlobalSection(ExtensibilityGlobals) = postSolution
		SolutionGuid = {FB84AF14-8725-4922-8B26-4C13DD1A2456}
	EndGlobalSection
EndGlobal
